
Microsoft Visual Studio Solution File, Format Version 12.00
# Visual Studio Version 17
VisualStudioVersion = 17.5.001.0
MinimumVisualStudioVersion = 10.0.40219.1
Project("{9A19103F-16F7-4668-BE54-9A1E7A4F7556}") = "PaxSender", "PaxSender.csproj", "{F921B766-FC65-4AC0-AE65-2D1072CF5BFD}"
EndProject
Global
	GlobalSection(SolutionConfigurationPlatforms) = preSolution
		Debug|Any CPU = Debug|Any CPU
		Release|Any CPU = Release|Any CPU
	EndGlobalSection
	GlobalSection(ProjectConfigurationPlatforms) = postSolution
		{F921B766-FC65-4AC0-AE65-2D1072CF5BFD}.Debug|Any CPU.ActiveCfg = Debug|Any CPU
		{F921B766-FC65-4AC0-AE65-2D1072CF5BFD}.Debug|Any CPU.Build.0 = Debug|Any CPU
		{F921B766-FC65-4AC0-AE65-2D1072CF5BFD}.Release|Any CPU.ActiveCfg = Release|Any CPU
		{F921B766-FC65-4AC0-AE65-2D1072CF5BFD}.Release|Any CPU.Build.0 = Release|Any CPU
	EndGlobalSection
	GlobalSection(SolutionProperties) = preSolution
		HideSolutionNode = FALSE
	EndGlobalSection
	GlobalSection(ExtensibilityGlobals) = postSolution
		SolutionGuid = {E9D25CB9-224A-4B89-A3FB-528508F2EA52}
	EndGlobalSection
EndGlobal
